{
  "pins" : [
    {
      "identity" : "eimzo-ios-sdk",
      "kind" : "remoteSourceControl",
      "location" : "https://github.com/peachdev-uz/eimzo-ios-sdk",
      "state" : {
        "revision" : "b28d5cb5348fced2b6bf38990b6af5e5f491c842",
        "version" : "1.1.7"
      }
    }
  ],
  "version" : 2
}
